
Microsoft Visual Studio Solution File, Format Version 12.00
# Visual Studio Version 16
VisualStudioVersion = 16.0.30406.217
MinimumVisualStudioVersion = 10.0.40219.1
Project("{FAE04EC0-301F-11D3-BF4B-00C04F79EFBC}") = "my-stack", "my-stack.csproj", "{6DC92328-6C1A-4AD8-8BDA-F4DB96F5BE54}"
EndProject
Global
	GlobalSection(SolutionConfigurationPlatforms) = preSolution
		Debug|Any CPU = Debug|Any CPU
		Release|Any CPU = Release|Any CPU
	EndGlobalSection
	GlobalSection(ProjectConfigurationPlatforms) = postSolution
		{6DC92328-6C1A-4AD8-8BDA-F4DB96F5BE54}.Debug|Any CPU.ActiveCfg = Debug|Any CPU
		{6DC92328-6C1A-4AD8-8BDA-F4DB96F5BE54}.Debug|Any CPU.Build.0 = Debug|Any CPU
		{6DC92328-6C1A-4AD8-8BDA-F4DB96F5BE54}.Release|Any CPU.ActiveCfg = Release|Any CPU
		{6DC92328-6C1A-4AD8-8BDA-F4DB96F5BE54}.Release|Any CPU.Build.0 = Release|Any CPU
	EndGlobalSection
	GlobalSection(SolutionProperties) = preSolution
		HideSolutionNode = FALSE
	EndGlobalSection
	GlobalSection(ExtensibilityGlobals) = postSolution
		SolutionGuid = {73C9B0AB-8C02-48A2-AA0F-55D090FDFD57}
	EndGlobalSection
EndGlobal
